// !$*UTF8*$!
{
	archiveVersion = 1;
	classes = {
	};
	objectVersion = 42;
	objects = {

/* Begin PBXBuildFile section */
		55148D84080DDAF40070412C /* PreRootPI.java in Sources */ = {isa = PBXBuildFile; fileRef = 55148D83080DDAF40070412C /* PreRootPI.java */; };
		55246B8C07F0A6B800C1ABD1 /* xml2rfc.java in Sources */ = {isa = PBXBuildFile; fileRef = 010341B7FEEF030011DB9C8B /* xml2rfc.java */; };
		5528A1C70B5DB1F200E1FEBC /* RunFormatter.java in Sources */ = {isa = PBXBuildFile; fileRef = 5528A1C60B5DB1F200E1FEBC /* RunFormatter.java */; };
		5528A1D50B5DB43D00E1FEBC /* TestFormatter.java in Sources */ = {isa = PBXBuildFile; fileRef = 5528A1D40B5DB43D00E1FEBC /* TestFormatter.java */; };
		5528A1EF0B5ECE6100E1FEBC /* GetTmpFile.java in Sources */ = {isa = PBXBuildFile; fileRef = 5528A1EE0B5ECE6100E1FEBC /* GetTmpFile.java */; };
		556FC58307CFF67A00149B26 /* Manifest in JavaArchive */ = {isa = PBXBuildFile; fileRef = 556FC58207CFF67A00149B26 /* Manifest */; settings = {JAVA_ARCHIVE_SUBDIR = ""; }; };
		5576437B0E3C6C36008C9B98 /* StyleSheetExtension.java in Sources */ = {isa = PBXBuildFile; fileRef = 550A88CE07FCE40D00AE8259 /* StyleSheetExtension.java */; };
		55802B9A07F07AB600B496A2 /* Os.java in Sources */ = {isa = PBXBuildFile; fileRef = 55802B9907F07AB600B496A2 /* Os.java */; };
		55EC2A2C07C57DF700812B53 /* WebForm.java in Sources */ = {isa = PBXBuildFile; fileRef = 55EC2A2B07C57DF700812B53 /* WebForm.java */; };
		6A0644AD02C7C26E0CC91562 /* xml2rfc.1 in JavaArchive */ = {isa = PBXBuildFile; fileRef = 6A0644AC02C7C26E0CC91562 /* xml2rfc.1 */; settings = {JAVA_ARCHIVE_SUBDIR = ""; }; };
		6A0644BD02C7C4400CC91562 /* xml2rfc.1 in CopyFiles */ = {isa = PBXBuildFile; fileRef = 6A0644AC02C7C26E0CC91562 /* xml2rfc.1 */; };
/* End PBXBuildFile section */

/* Begin PBXCopyFilesBuildPhase section */
		6A0644BC02C7C42C0CC91562 /* CopyFiles */ = {
			isa = PBXCopyFilesBuildPhase;
			buildActionMask = 8;
			dstPath = /usr/share/man/man1/;
			dstSubfolderSpec = 0;
			files = (
				6A0644BD02C7C4400CC91562 /* xml2rfc.1 in CopyFiles */,
			);
			runOnlyForDeploymentPostprocessing = 1;
		};
/* End PBXCopyFilesBuildPhase section */

/* Begin PBXFileReference section */
		010341B7FEEF030011DB9C8B /* xml2rfc.java */ = {isa = PBXFileReference; fileEncoding = 4; lastKnownFileType = sourcecode.java; path = xml2rfc.java; sourceTree = "<group>"; };
		550A88CE07FCE40D00AE8259 /* StyleSheetExtension.java */ = {isa = PBXFileReference; fileEncoding = 4; lastKnownFileType = sourcecode.java; path = StyleSheetExtension.java; sourceTree = "<group>"; };
		55148D83080DDAF40070412C /* PreRootPI.java */ = {isa = PBXFileReference; fileEncoding = 4; lastKnownFileType = sourcecode.java; path = PreRootPI.java; sourceTree = "<group>"; };
		5528A1C60B5DB1F200E1FEBC /* RunFormatter.java */ = {isa = PBXFileReference; fileEncoding = 4; lastKnownFileType = sourcecode.java; path = RunFormatter.java; sourceTree = "<group>"; };
		5528A1D40B5DB43D00E1FEBC /* TestFormatter.java */ = {isa = PBXFileReference; fileEncoding = 4; lastKnownFileType = sourcecode.java; path = TestFormatter.java; sourceTree = "<group>"; };
		5528A1EE0B5ECE6100E1FEBC /* GetTmpFile.java */ = {isa = PBXFileReference; fileEncoding = 4; lastKnownFileType = sourcecode.java; path = GetTmpFile.java; sourceTree = "<group>"; };
		556FC58207CFF67A00149B26 /* Manifest */ = {isa = PBXFileReference; fileEncoding = 4; lastKnownFileType = text; path = Manifest; sourceTree = "<group>"; };
		55802B9907F07AB600B496A2 /* Os.java */ = {isa = PBXFileReference; fileEncoding = 4; lastKnownFileType = sourcecode.java; path = Os.java; sourceTree = "<group>"; };
		55EC2A2B07C57DF700812B53 /* WebForm.java */ = {isa = PBXFileReference; fileEncoding = 4; lastKnownFileType = sourcecode.java; path = WebForm.java; sourceTree = "<group>"; };
		55F41D0B07CBC7E7009ACFD5 /* ExpandRFCPI.java */ = {isa = PBXFileReference; fileEncoding = 4; lastKnownFileType = sourcecode.java; path = ExpandRFCPI.java; sourceTree = "<group>"; };
		55F41D2307CBE613009ACFD5 /* RFCInclude.java */ = {isa = PBXFileReference; fileEncoding = 4; lastKnownFileType = sourcecode.java; path = RFCInclude.java; sourceTree = "<group>"; };
		6A0644AC02C7C26E0CC91562 /* xml2rfc.1 */ = {isa = PBXFileReference; lastKnownFileType = text.man; path = xml2rfc.1; sourceTree = "<group>"; };
		6A9ED92C02B0286D0CC91562 /* xml2rfc.jar */ = {isa = PBXFileReference; explicitFileType = archive.jar; includeInIndex = 0; path = xml2rfc.jar; sourceTree = BUILT_PRODUCTS_DIR; };
/* End PBXFileReference section */

/* Begin PBXFrameworksBuildPhase section */
		130F8B94001BDF0A11CA292A /* Frameworks */ = {
			isa = PBXFrameworksBuildPhase;
			buildActionMask = 2147483647;
			files = (
			);
			runOnlyForDeploymentPostprocessing = 0;
		};
/* End PBXFrameworksBuildPhase section */

/* Begin PBXGroup section */
		00E6828FFEC88D1A11DB9C8B = {
			isa = PBXGroup;
			children = (
				5528A1EE0B5ECE6100E1FEBC /* GetTmpFile.java */,
				5528A1D40B5DB43D00E1FEBC /* TestFormatter.java */,
				5528A1C60B5DB1F200E1FEBC /* RunFormatter.java */,
				55148D83080DDAF40070412C /* PreRootPI.java */,
				550A88CE07FCE40D00AE8259 /* StyleSheetExtension.java */,
				6A0644A002C7BD230CC91562 /* Documentation */,
				55F41D0B07CBC7E7009ACFD5 /* ExpandRFCPI.java */,
				556FC58207CFF67A00149B26 /* Manifest */,
				55802B9907F07AB600B496A2 /* Os.java */,
				0120612AFEC8923411DB9C8B /* Products */,
				55F41D2307CBE613009ACFD5 /* RFCInclude.java */,
				55EC2A2B07C57DF700812B53 /* WebForm.java */,
				010341B7FEEF030011DB9C8B /* xml2rfc.java */,
			);
			sourceTree = "<group>";
		};
		0120612AFEC8923411DB9C8B /* Products */ = {
			isa = PBXGroup;
			children = (
				6A9ED92C02B0286D0CC91562 /* xml2rfc.jar */,
			);
			name = Products;
			sourceTree = "<group>";
		};
		6A0644A002C7BD230CC91562 /* Documentation */ = {
			isa = PBXGroup;
			children = (
				6A0644AC02C7C26E0CC91562 /* xml2rfc.1 */,
			);
			name = Documentation;
			sourceTree = "<group>";
		};
/* End PBXGroup section */

/* Begin PBXJavaArchiveBuildPhase section */
		130F8B93001BDF0A11CA292A /* JavaArchive */ = {
			isa = PBXJavaArchiveBuildPhase;
			buildActionMask = 2147483647;
			files = (
				6A0644AD02C7C26E0CC91562 /* xml2rfc.1 in JavaArchive */,
				556FC58307CFF67A00149B26 /* Manifest in JavaArchive */,
			);
			runOnlyForDeploymentPostprocessing = 0;
		};
/* End PBXJavaArchiveBuildPhase section */

/* Begin PBXProject section */
		00E6828EFEC88D1A11DB9C8B /* Project object */ = {
			isa = PBXProject;
			buildConfigurationList = 55003D86092BD4650075F8B6 /* Build configuration list for PBXProject "xml2rfc" */;
			compatibilityVersion = "Xcode 2.4";
			hasScannedForEncodings = 1;
			mainGroup = 00E6828FFEC88D1A11DB9C8B;
			productRefGroup = 0120612AFEC8923411DB9C8B /* Products */;
			projectDirPath = "";
			projectRoot = "";
			targets = (
				130F8B90001BDF0A11CA292A /* xml2rfc */,
			);
		};
/* End PBXProject section */

/* Begin PBXSourcesBuildPhase section */
		130F8B91001BDF0A11CA292A /* Sources */ = {
			isa = PBXSourcesBuildPhase;
			buildActionMask = 2147483647;
			files = (
				55EC2A2C07C57DF700812B53 /* WebForm.java in Sources */,
				55802B9A07F07AB600B496A2 /* Os.java in Sources */,
				55246B8C07F0A6B800C1ABD1 /* xml2rfc.java in Sources */,
				55148D84080DDAF40070412C /* PreRootPI.java in Sources */,
				5528A1C70B5DB1F200E1FEBC /* RunFormatter.java in Sources */,
				5528A1D50B5DB43D00E1FEBC /* TestFormatter.java in Sources */,
				5528A1EF0B5ECE6100E1FEBC /* GetTmpFile.java in Sources */,
				5576437B0E3C6C36008C9B98 /* StyleSheetExtension.java in Sources */,
			);
			runOnlyForDeploymentPostprocessing = 0;
		};
/* End PBXSourcesBuildPhase section */

/* Begin PBXToolTarget section */
		130F8B90001BDF0A11CA292A /* xml2rfc */ = {
			isa = PBXToolTarget;
			buildConfigurationList = 55003D7E092BD4650075F8B6 /* Build configuration list for PBXToolTarget "xml2rfc" */;
			buildPhases = (
				130F8B91001BDF0A11CA292A /* Sources */,
				130F8B93001BDF0A11CA292A /* JavaArchive */,
				130F8B94001BDF0A11CA292A /* Frameworks */,
				6A0644BC02C7C42C0CC91562 /* CopyFiles */,
			);
			dependencies = (
			);
			name = xml2rfc;
			productInstallPath = /usr/local/bin;
			productName = xml2rfc;
			productReference = 6A9ED92C02B0286D0CC91562 /* xml2rfc.jar */;
		};
/* End PBXToolTarget section */

/* Begin XCBuildConfiguration section */
		55003D7F092BD4650075F8B6 /* Development */ = {
			isa = XCBuildConfiguration;
			buildSettings = {
				COPY_PHASE_STRIP = NO;
				GCC_DYNAMIC_NO_PIC = NO;
				GCC_ENABLE_FIX_AND_CONTINUE = YES;
				GCC_GENERATE_DEBUGGING_SYMBOLS = YES;
				GCC_OPTIMIZATION_LEVEL = 0;
				JAVAC_SOURCE_FILE_ENCODING = "UTF-8";
				JAVA_ARCHIVE_CLASSES = YES;
				JAVA_ARCHIVE_COMPRESSION = NO;
				JAVA_ARCHIVE_TYPE = JAR;
				JAVA_CLASS_SEARCH_PATHS = "\"$(SYSTEM_APPS_DIR)/LocalApps/Editors/xxe-perso-4_0_0/XMLEditor.app/Contents/Resources/Java/xxe_app.jar\" \"$(SYSTEM_APPS_DIR)/LocalApps/Editors/xxe-perso-4_0_0/XMLEditor.app/Contents/Resources/Java/xxe.jar\"";
				JAVA_COMPILER = /usr/bin/javac;
				JAVA_COMPILER_DEPRECATED_WARNINGS = YES;
				JAVA_MANIFEST_FILE = Manifest;
				JAVA_SOURCE_SUBDIR = .;
				PRODUCT_NAME = xml2rfc;
				PURE_JAVA = YES;
				REZ_EXECUTABLE = YES;
				ZERO_LINK = YES;
			};
			name = Development;
		};
		55003D80092BD4650075F8B6 /* Deployment */ = {
			isa = XCBuildConfiguration;
			buildSettings = {
				COPY_PHASE_STRIP = YES;
				GCC_ENABLE_FIX_AND_CONTINUE = NO;
				JAVAC_SOURCE_FILE_ENCODING = "UTF-8";
				JAVA_ARCHIVE_CLASSES = YES;
				JAVA_ARCHIVE_COMPRESSION = NO;
				JAVA_ARCHIVE_TYPE = JAR;
				JAVA_COMPILER = /usr/bin/javac;
				JAVA_COMPILER_DEPRECATED_WARNINGS = YES;
				JAVA_MANIFEST_FILE = Manifest;
				JAVA_SOURCE_SUBDIR = .;
				PRODUCT_NAME = xml2rfc;
				PURE_JAVA = YES;
				REZ_EXECUTABLE = YES;
				ZERO_LINK = NO;
			};
			name = Deployment;
		};
		55003D81092BD4650075F8B6 /* Default */ = {
			isa = XCBuildConfiguration;
			buildSettings = {
				JAVAC_SOURCE_FILE_ENCODING = "UTF-8";
				JAVA_ARCHIVE_CLASSES = YES;
				JAVA_ARCHIVE_COMPRESSION = NO;
				JAVA_ARCHIVE_TYPE = JAR;
				JAVA_COMPILER = /usr/bin/javac;
				JAVA_COMPILER_DEPRECATED_WARNINGS = YES;
				JAVA_MANIFEST_FILE = Manifest;
				JAVA_SOURCE_SUBDIR = .;
				PRODUCT_NAME = xml2rfc;
				PURE_JAVA = YES;
				REZ_EXECUTABLE = YES;
			};
			name = Default;
		};
		55003D87092BD4650075F8B6 /* Development */ = {
			isa = XCBuildConfiguration;
			buildSettings = {
			};
			name = Development;
		};
		55003D88092BD4650075F8B6 /* Deployment */ = {
			isa = XCBuildConfiguration;
			buildSettings = {
			};
			name = Deployment;
		};
		55003D89092BD4650075F8B6 /* Default */ = {
			isa = XCBuildConfiguration;
			buildSettings = {
			};
			name = Default;
		};
/* End XCBuildConfiguration section */

/* Begin XCConfigurationList section */
		55003D7E092BD4650075F8B6 /* Build configuration list for PBXToolTarget "xml2rfc" */ = {
			isa = XCConfigurationList;
			buildConfigurations = (
				55003D7F092BD4650075F8B6 /* Development */,
				55003D80092BD4650075F8B6 /* Deployment */,
				55003D81092BD4650075F8B6 /* Default */,
			);
			defaultConfigurationIsVisible = 0;
			defaultConfigurationName = Default;
		};
		55003D86092BD4650075F8B6 /* Build configuration list for PBXProject "xml2rfc" */ = {
			isa = XCConfigurationList;
			buildConfigurations = (
				55003D87092BD4650075F8B6 /* Development */,
				55003D88092BD4650075F8B6 /* Deployment */,
				55003D89092BD4650075F8B6 /* Default */,
			);
			defaultConfigurationIsVisible = 0;
			defaultConfigurationName = Default;
		};
/* End XCConfigurationList section */
	};
	rootObject = 00E6828EFEC88D1A11DB9C8B /* Project object */;
}
